
Microsoft Visual Studio Solution File, Format Version 12.00
# Visual Studio Version 17
VisualStudioVersion = 17.5.33530.505
MinimumVisualStudioVersion = 10.0.40219.1
Project("{9A19103F-16F7-4668-BE54-9A1E7A4F7556}") = "Employee.WebApi.Host", "Employee.WebApi.Host\Employee.WebApi.Host.csproj", "{E0141B67-65F4-43D3-8F31-72BB8EFC5C9B}"
EndProject
Project("{9A19103F-16F7-4668-BE54-9A1E7A4F7556}") = "Employee.WebApi.Contracts", "Employee.WebApi.Contracts\Employee.WebApi.Contracts.csproj", "{D6F633A6-B5D4-4421-9C3B-D052485C3079}"
EndProject
Project("{9A19103F-16F7-4668-BE54-9A1E7A4F7556}") = "Employee.WebApi.Application", "Employee.WebApi.Services\Employee.WebApi.Application.csproj", "{AEEDFF42-9D2A-47F5-819E-162A3288C4E7}"
EndProject
Project("{9A19103F-16F7-4668-BE54-9A1E7A4F7556}") = "Employee.WebApi.Domain", "Employee.WebApi.Domain\Employee.WebApi.Domain.csproj", "{5DAAC94A-A34C-4E1B-99B8-65F3CC39DB9F}"
EndProject
Project("{FAE04EC0-301F-11D3-BF4B-00C04F79EFBC}") = "Employee.WebApi.Unit.Tests", "Employee.WebApi.Unit.Tests\Employee.WebApi.Unit.Tests.csproj", "{FB700970-9067-4EFB-8850-03D57529D236}"
EndProject
Global
	GlobalSection(SolutionConfigurationPlatforms) = preSolution
		Debug|Any CPU = Debug|Any CPU
		Release|Any CPU = Release|Any CPU
	EndGlobalSection
	GlobalSection(ProjectConfigurationPlatforms) = postSolution
		{E0141B67-65F4-43D3-8F31-72BB8EFC5C9B}.Debug|Any CPU.ActiveCfg = Debug|Any CPU
		{E0141B67-65F4-43D3-8F31-72BB8EFC5C9B}.Debug|Any CPU.Build.0 = Debug|Any CPU
		{E0141B67-65F4-43D3-8F31-72BB8EFC5C9B}.Release|Any CPU.ActiveCfg = Release|Any CPU
		{E0141B67-65F4-43D3-8F31-72BB8EFC5C9B}.Release|Any CPU.Build.0 = Release|Any CPU
		{D6F633A6-B5D4-4421-9C3B-D052485C3079}.Debug|Any CPU.ActiveCfg = Debug|Any CPU
		{D6F633A6-B5D4-4421-9C3B-D052485C3079}.Debug|Any CPU.Build.0 = Debug|Any CPU
		{D6F633A6-B5D4-4421-9C3B-D052485C3079}.Release|Any CPU.ActiveCfg = Release|Any CPU
		{D6F633A6-B5D4-4421-9C3B-D052485C3079}.Release|Any CPU.Build.0 = Release|Any CPU
		{AEEDFF42-9D2A-47F5-819E-162A3288C4E7}.Debug|Any CPU.ActiveCfg = Debug|Any CPU
		{AEEDFF42-9D2A-47F5-819E-162A3288C4E7}.Debug|Any CPU.Build.0 = Debug|Any CPU
		{AEEDFF42-9D2A-47F5-819E-162A3288C4E7}.Release|Any CPU.ActiveCfg = Release|Any CPU
		{AEEDFF42-9D2A-47F5-819E-162A3288C4E7}.Release|Any CPU.Build.0 = Release|Any CPU
		{5DAAC94A-A34C-4E1B-99B8-65F3CC39DB9F}.Debug|Any CPU.ActiveCfg = Debug|Any CPU
		{5DAAC94A-A34C-4E1B-99B8-65F3CC39DB9F}.Debug|Any CPU.Build.0 = Debug|Any CPU
		{5DAAC94A-A34C-4E1B-99B8-65F3CC39DB9F}.Release|Any CPU.ActiveCfg = Release|Any CPU
		{5DAAC94A-A34C-4E1B-99B8-65F3CC39DB9F}.Release|Any CPU.Build.0 = Release|Any CPU
		{FB700970-9067-4EFB-8850-03D57529D236}.Debug|Any CPU.ActiveCfg = Debug|Any CPU
		{FB700970-9067-4EFB-8850-03D57529D236}.Debug|Any CPU.Build.0 = Debug|Any CPU
		{FB700970-9067-4EFB-8850-03D57529D236}.Release|Any CPU.ActiveCfg = Release|Any CPU
		{FB700970-9067-4EFB-8850-03D57529D236}.Release|Any CPU.Build.0 = Release|Any CPU
	EndGlobalSection
	GlobalSection(SolutionProperties) = preSolution
		HideSolutionNode = FALSE
	EndGlobalSection
	GlobalSection(ExtensibilityGlobals) = postSolution
		SolutionGuid = {CC5ABD25-30F7-4D81-BCB3-97011687029A}
	EndGlobalSection
EndGlobal
